version = 1
revision = 3
requires-python = ">=3.12"

[[package]]
name = "colorama"
version = "0.4.6"
source = { registry = "https://pypi.org/simple" }
sdist = { url = "https://files.pythonhosted.org/packages/d8/53/6f443c9a4a8358a93a6792e2acffb9d9d5cb0a5cfd8802644b7b1c9a02e4/colorama-0.4.6.tar.gz", hash = "sha256:08695f5cb7ed6e0531a20572697297273c47b8cae5a63ffc6d6ed5c201be6e44", size = 27697, upload-time = "2022-10-25T02:36:22.414Z" }
wheels = [
    { url = "https://files.pythonhosted.org/packages/d1/d6/3965ed04c63042e047cb6a3e6ed1a63a35087b6a609aa3a15ed8ac56c221/colorama-0.4.6-py2.py3-none-any.whl", hash = "sha256:4f1d9991f5acc0ca119f9d443620b77f9d6b33703e51011c16baf57afb285fc6", size = 25335, upload-time = "2022-10-25T02:36:20.889Z" },
]

[[package]]
name = "filestore"
version = "0.1.0"
source = { editable = "." }
dependencies = [
    { name = "grpcio" },
    { name = "grpcio-tools" },
    { name = "protobuf" },
    { name = "py-protos" },
]

[package.dev-dependencies]
dev = [
    { name = "pyright" },
    { name = "pytest" },
    { name = "pytest-asyncio" },
    { name = "ruff" },
]

[package.metadata]
requires-dist = [
    { name = "grpcio", specifier = ">=1.60.0" },
    { name = "grpcio-tools", specifier = ">=1.60.0" },
    { name = "protobuf", specifier = ">=4.25.0" },
    { name = "py-protos", editable = "../py-protos" },
]

[package.metadata.requires-dev]
dev = [
    { name = "pyright", specifier = ">=1.1.0" },
    { name = "pytest", specifier = ">=7.4.0" },
    { name = "pytest-asyncio", specifier = ">=0.23.0" },
    { name = "ruff", specifier = ">=0.13.1" },
]

[[package]]
name = "grpcio"
version = "1.75.0"
source = { registry = "https://pypi.org/simple" }
dependencies = [
    { name = "typing-extensions" },
]
sdist = { url = "https://files.pythonhosted.org/packages/91/88/fe2844eefd3d2188bc0d7a2768c6375b46dfd96469ea52d8aeee8587d7e0/grpcio-1.75.0.tar.gz", hash = "sha256:b989e8b09489478c2d19fecc744a298930f40d8b27c3638afbfe84d22f36ce4e", size = 12722485, upload-time = "2025-09-16T09:20:21.731Z" }
wheels = [
    { url = "https://files.pythonhosted.org/packages/0d/93/a1b29c2452d15cecc4a39700fbf54721a3341f2ddbd1bd883f8ec0004e6e/grpcio-1.75.0-cp312-cp312-linux_armv7l.whl", hash = "sha256:fa35ccd9501ffdd82b861809cbfc4b5b13f4b4c5dc3434d2d9170b9ed38a9054", size = 5661861, upload-time = "2025-09-16T09:18:58.748Z" },
    { url = "https://files.pythonhosted.org/packages/b8/ce/7280df197e602d14594e61d1e60e89dfa734bb59a884ba86cdd39686aadb/grpcio-1.75.0-cp312-cp312-macosx_11_0_universal2.whl", hash = "sha256:0fcb77f2d718c1e58cc04ef6d3b51e0fa3b26cf926446e86c7eba105727b6cd4", size = 11459982, upload-time = "2025-09-16T09:19:01.211Z" },
    { url = "https://files.pythonhosted.org/packages/7c/9b/37e61349771f89b543a0a0bbc960741115ea8656a2414bfb24c4de6f3dd7/grpcio-1.75.0-cp312-cp312-manylinux2014_aarch64.manylinux_2_17_aarch64.whl", hash = "sha256:36764a4ad9dc1eb891042fab51e8cdf7cc014ad82cee807c10796fb708455041", size = 6239680, upload-time = "2025-09-16T09:19:04.443Z" },
    { url = "https://files.pythonhosted.org/packages/a6/66/f645d9d5b22ca307f76e71abc83ab0e574b5dfef3ebde4ec8b865dd7e93e/grpcio-1.75.0-cp312-cp312-manylinux2014_i686.manylinux_2_17_i686.whl", hash = "sha256:725e67c010f63ef17fc052b261004942763c0b18dcd84841e6578ddacf1f9d10", size = 6908511, upload-time = "2025-09-16T09:19:07.884Z" },
    { url = "https://files.pythonhosted.org/packages/e6/9a/34b11cd62d03c01b99068e257595804c695c3c119596c7077f4923295e19/grpcio-1.75.0-cp312-cp312-manylinux2014_x86_64.manylinux_2_17_x86_64.whl", hash = "sha256:91fbfc43f605c5ee015c9056d580a70dd35df78a7bad97e05426795ceacdb59f", size = 6429105, upload-time = "2025-09-16T09:19:10.085Z" },
    { url = "https://files.pythonhosted.org/packages/1a/46/76eaceaad1f42c1e7e6a5b49a61aac40fc5c9bee4b14a1630f056ac3a57e/grpcio-1.75.0-cp312-cp312-musllinux_1_2_aarch64.whl", hash = "sha256:7a9337ac4ce61c388e02019d27fa837496c4b7837cbbcec71b05934337e51531", size = 7060578, upload-time = "2025-09-16T09:19:12.283Z" },
    { url = "https://files.pythonhosted.org/packages/3d/82/181a0e3f1397b6d43239e95becbeb448563f236c0db11ce990f073b08d01/grpcio-1.75.0-cp312-cp312-musllinux_1_2_i686.whl", hash = "sha256:ee16e232e3d0974750ab5f4da0ab92b59d6473872690b5e40dcec9a22927f22e", size = 8003283, upload-time = "2025-09-16T09:19:15.601Z" },
    { url = "https://files.pythonhosted.org/packages/de/09/a335bca211f37a3239be4b485e3c12bf3da68d18b1f723affdff2b9e9680/grpcio-1.75.0-cp312-cp312-musllinux_1_2_x86_64.whl", hash = "sha256:55dfb9122973cc69520b23d39867726722cafb32e541435707dc10249a1bdbc6", size = 7460319, upload-time = "2025-09-16T09:19:18.409Z" },
    { url = "https://files.pythonhosted.org/packages/aa/59/6330105cdd6bc4405e74c96838cd7e148c3653ae3996e540be6118220c79/grpcio-1.75.0-cp312-cp312-win32.whl", hash = "sha256:fb64dd62face3d687a7b56cd881e2ea39417af80f75e8b36f0f81dfd93071651", size = 3934011, upload-time = "2025-09-16T09:19:21.013Z" },
    { url = "https://files.pythonhosted.org/packages/ff/14/e1309a570b7ebdd1c8ca24c4df6b8d6690009fa8e0d997cb2c026ce850c9/grpcio-1.75.0-cp312-cp312-win_amd64.whl", hash = "sha256:6b365f37a9c9543a9e91c6b4103d68d38d5bcb9965b11d5092b3c157bd6a5ee7", size = 4637934, upload-time = "2025-09-16T09:19:23.19Z" },
    { url = "https://files.pythonhosted.org/packages/00/64/dbce0ffb6edaca2b292d90999dd32a3bd6bc24b5b77618ca28440525634d/grpcio-1.75.0-cp313-cp313-linux_armv7l.whl", hash = "sha256:1bb78d052948d8272c820bb928753f16a614bb2c42fbf56ad56636991b427518", size = 5666860, upload-time = "2025-09-16T09:19:25.417Z" },
    { url = "https://files.pythonhosted.org/packages/f3/e6/da02c8fa882ad3a7f868d380bb3da2c24d35dd983dd12afdc6975907a352/grpcio-1.75.0-cp313-cp313-macosx_11_0_universal2.whl", hash = "sha256:9dc4a02796394dd04de0b9673cb79a78901b90bb16bf99ed8cb528c61ed9372e", size = 11455148, upload-time = "2025-09-16T09:19:28.615Z" },
    { url = "https://files.pythonhosted.org/packages/ba/a0/84f87f6c2cf2a533cfce43b2b620eb53a51428ec0c8fe63e5dd21d167a70/grpcio-1.75.0-cp313-cp313-manylinux2014_aarch64.manylinux_2_17_aarch64.whl", hash = "sha256:437eeb16091d31498585d73b133b825dc80a8db43311e332c08facf820d36894", size = 6243865, upload-time = "2025-09-16T09:19:31.342Z" },
    { url = "https://files.pythonhosted.org/packages/be/12/53da07aa701a4839dd70d16e61ce21ecfcc9e929058acb2f56e9b2dd8165/grpcio-1.75.0-cp313-cp313-manylinux2014_i686.manylinux_2_17_i686.whl", hash = "sha256:c2c39984e846bd5da45c5f7bcea8fafbe47c98e1ff2b6f40e57921b0c23a52d0", size = 6915102, upload-time = "2025-09-16T09:19:33.658Z" },
    { url = "https://files.pythonhosted.org/packages/5b/c0/7eaceafd31f52ec4bf128bbcf36993b4bc71f64480f3687992ddd1a6e315/grpcio-1.75.0-cp313-cp313-manylinux2014_x86_64.manylinux_2_17_x86_64.whl", hash = "sha256:38d665f44b980acdbb2f0e1abf67605ba1899f4d2443908df9ec8a6f26d2ed88", size = 6432042, upload-time = "2025-09-16T09:19:36.583Z" },
    { url = "https://files.pythonhosted.org/packages/6b/12/a2ce89a9f4fc52a16ed92951f1b05f53c17c4028b3db6a4db7f08332bee8/grpcio-1.75.0-cp313-cp313-musllinux_1_2_aarch64.whl", hash = "sha256:2e8e752ab5cc0a9c5b949808c000ca7586223be4f877b729f034b912364c3964", size = 7062984, upload-time = "2025-09-16T09:19:39.163Z" },
    { url = "https://files.pythonhosted.org/packages/55/a6/2642a9b491e24482d5685c0f45c658c495a5499b43394846677abed2c966/grpcio-1.75.0-cp313-cp313-musllinux_1_2_i686.whl", hash = "sha256:3a6788b30aa8e6f207c417874effe3f79c2aa154e91e78e477c4825e8b431ce0", size = 8001212, upload-time = "2025-09-16T09:19:41.726Z" },
    { url = "https://files.pythonhosted.org/packages/19/20/530d4428750e9ed6ad4254f652b869a20a40a276c1f6817b8c12d561f5ef/grpcio-1.75.0-cp313-cp313-musllinux_1_2_x86_64.whl", hash = "sha256:ffc33e67cab6141c54e75d85acd5dec616c5095a957ff997b4330a6395aa9b51", size = 7457207, upload-time = "2025-09-16T09:19:44.368Z" },
    { url = "https://files.pythonhosted.org/packages/e2/6f/843670007e0790af332a21468d10059ea9fdf97557485ae633b88bd70efc/grpcio-1.75.0-cp313-cp313-win32.whl", hash = "sha256:c8cfc780b7a15e06253aae5f228e1e84c0d3c4daa90faf5bc26b751174da4bf9", size = 3934235, upload-time = "2025-09-16T09:19:46.815Z" },
    { url = "https://files.pythonhosted.org/packages/4b/92/c846b01b38fdf9e2646a682b12e30a70dc7c87dfe68bd5e009ee1501c14b/grpcio-1.75.0-cp313-cp313-win_amd64.whl", hash = "sha256:0c91d5b16eff3cbbe76b7a1eaaf3d91e7a954501e9d4f915554f87c470475c3d", size = 4637558, upload-time = "2025-09-16T09:19:49.698Z" },
]

[[package]]
name = "grpcio-tools"
version = "1.75.0"
source = { registry = "https://pypi.org/simple" }
dependencies = [
    { name = "grpcio" },
    { name = "protobuf" },
    { name = "setuptools" },
]
sdist = { url = "https://files.pythonhosted.org/packages/1a/9f/78f4f4946187e242e34aec3e9881eed9c70b4eeaca26551f1989ba9ab66c/grpcio_tools-1.75.0.tar.gz", hash = "sha256:eb5e4025034d92da3c81fd5e3468c33d5ae7571b07a72c385b5ec1746658573f", size = 5390883, upload-time = "2025-09-16T09:22:48.83Z" }
wheels = [
    { url = "https://files.pythonhosted.org/packages/13/50/d654ee2d2e763f41c53e5e0282c0f422d2e129414a7f156c61660132c780/grpcio_tools-1.75.0-cp312-cp312-linux_armv7l.whl", hash = "sha256:6ded12c79fb56ceae0ce60e653453159bfc2ccb044922b7e7d721de6c8e04506", size = 2546098, upload-time = "2025-09-16T09:21:35.497Z" },
    { url = "https://files.pythonhosted.org/packages/e3/5b/30fc9980e5571de7f5e442e6598f6c3d1d7860f15b8fa0058678da6903fb/grpcio_tools-1.75.0-cp312-cp312-macosx_11_0_universal2.whl", hash = "sha256:ebdac7cc820459874f3b19eddddae19c0c7e7cdf228aee8e7567cec1fddb2ae3", size = 5839860, upload-time = "2025-09-16T09:21:37.799Z" },
    { url = "https://files.pythonhosted.org/packages/72/ec/64568f58f3538142e6bfd21c2b1a6be67b33a7d41ff7c6a659c9ec54da11/grpcio_tools-1.75.0-cp312-cp312-manylinux2014_aarch64.manylinux_2_17_aarch64.whl", hash = "sha256:509ec0ce7c4269c2bea6015efcdcde00a5d55d97c88ad17587b4247cdc3d2fe8", size = 2592915, upload-time = "2025-09-16T09:21:41.981Z" },
    { url = "https://files.pythonhosted.org/packages/c9/d1/442eeec951381ce45db6e4720e14369fea4780fc8fec0b59daa280ed7660/grpcio_tools-1.75.0-cp312-cp312-manylinux2014_i686.manylinux_2_17_i686.whl", hash = "sha256:a68a8dcbcbd1df33e7c08c2ceeb69ed8fd53e235784ac680dfe3fc1e89aac2ac", size = 2905275, upload-time = "2025-09-16T09:21:44.103Z" },
    { url = "https://files.pythonhosted.org/packages/d9/4a/054d98a5a20f52d06c9183a6220e1439204f20ed10077f27943bbf08a3fa/grpcio_tools-1.75.0-cp312-cp312-manylinux2014_x86_64.manylinux_2_17_x86_64.whl", hash = "sha256:3ac8a663e955bf3188f76d93d7fdc656f346ff54ea7e512eb034374c6fd61b50", size = 2656424, upload-time = "2025-09-16T09:21:46.106Z" },
    { url = "https://files.pythonhosted.org/packages/c5/af/f655d74e5722be3f90697da625c5457a75eb13b69f251bc2131e1b0c11c6/grpcio_tools-1.75.0-cp312-cp312-musllinux_1_2_aarch64.whl", hash = "sha256:3c30cb36ae1a4ed5fb1960f4bc0000548fecb9ff21a51d78a1f54e3424f971c0", size = 3108985, upload-time = "2025-09-16T09:21:48.852Z" },
    { url = "https://files.pythonhosted.org/packages/96/6f/844d5d8cd81f01e768d9f3eab767ce255ad9c7a5a634900fb8502dd04932/grpcio_tools-1.75.0-cp312-cp312-musllinux_1_2_i686.whl", hash = "sha256:35d4368794506db2b0acde60e7e2bae21255cc0d05db9ffc078510ab6a84ff4f", size = 3657939, upload-time = "2025-09-16T09:21:53.349Z" },
    { url = "https://files.pythonhosted.org/packages/f6/d3/974d12ff6751b6706faa94665e997b45bf3ac3084011ea5a5b51cd6be032/grpcio_tools-1.75.0-cp312-cp312-musllinux_1_2_x86_64.whl", hash = "sha256:edefbb90bb7ddc4eadac3463d5f7084e1d43b1d713254f668dd55c25db5b5ef2", size = 3324876, upload-time = "2025-09-16T09:21:55.866Z" },
    { url = "https://files.pythonhosted.org/packages/eb/57/e3d3599dfe11cdad6a653d6f6cff8d951a3fbf529d2cf55b9c1901e51763/grpcio_tools-1.75.0-cp312-cp312-win32.whl", hash = "sha256:c2bad23bd0d43acd9d7032b6ffb04f5eb176d853cd32967eb2c4a39044c81cfe", size = 993071, upload-time = "2025-09-16T09:21:57.677Z" },
    { url = "https://files.pythonhosted.org/packages/cf/53/3414319a5257ec5544515cb8f2416c0d375885613aaba176fa3f1b9a2f34/grpcio_tools-1.75.0-cp312-cp312-win_amd64.whl", hash = "sha256:0f4f31035a5178acd924a052b8954d5ac71319092b57e3711438ca6518b71017", size = 1157504, upload-time = "2025-09-16T09:22:00.104Z" },
    { url = "https://files.pythonhosted.org/packages/23/83/12d9fdaa4b11eabc934c0ecb56eb34a4ca4d2c579540d8b60b67da02d0c2/grpcio_tools-1.75.0-cp313-cp313-linux_armv7l.whl", hash = "sha256:69742254df93323275b7ee5ac017e3b9fdba8ecc6dca00bd6b2cd1c70c80a9c2", size = 2545752, upload-time = "2025-09-16T09:22:02.346Z" },
    { url = "https://files.pythonhosted.org/packages/67/72/8c9cf443eb20822e2de65c66175615e8eb2a0e9091538e232dd3365a301f/grpcio_tools-1.75.0-cp313-cp313-macosx_11_0_universal2.whl", hash = "sha256:a07aa71ad96103b18bb84dc069dd139897356116d2aaa68d3df84d4d59701ae8", size = 5838166, upload-time = "2025-09-16T09:22:04.693Z" },
    { url = "https://files.pythonhosted.org/packages/7f/08/484eb789d42c4b828e8c10d11739d87c4484813570f62efc6c2f84829ab3/grpcio_tools-1.75.0-cp313-cp313-manylinux2014_aarch64.manylinux_2_17_aarch64.whl", hash = "sha256:dcfb12654fb1d6ce84f4a55d3dfbc267a04d53dc9b52ee0974b2110d02f68dac", size = 2592147, upload-time = "2025-09-16T09:22:06.722Z" },
    { url = "https://files.pythonhosted.org/packages/6b/b7/43330bfb23b24df3cd90d884dd1cdbd39d9475f481c3386c8cb1a8d67a13/grpcio_tools-1.75.0-cp313-cp313-manylinux2014_i686.manylinux_2_17_i686.whl", hash = "sha256:990d183fee5a2ef9d4f3a220b6506f5da740271da175efcb7e4e34ebc3191a12", size = 2905215, upload-time = "2025-09-16T09:22:08.713Z" },
    { url = "https://files.pythonhosted.org/packages/0a/b4/96e75212054a32d7bc5a0bf46c9f3257be4033f1fae3a1410ea97e41e544/grpcio_tools-1.75.0-cp313-cp313-manylinux2014_x86_64.manylinux_2_17_x86_64.whl", hash = "sha256:39c6ff052960a3301cd920549384a2ad7cb3165c778feed601cae2a2131b63f8", size = 2656250, upload-time = "2025-09-16T09:22:11.079Z" },
    { url = "https://files.pythonhosted.org/packages/74/e0/6e0ca3e7f1b30ff6861d6268da80a4c4f0531d26116a1e8806edca16e0e5/grpcio_tools-1.75.0-cp313-cp313-musllinux_1_2_aarch64.whl", hash = "sha256:60bd449814fe3cebeda11c0cda3a3adffd81941559aa254e6d153751baa0cffc", size = 3108910, upload-time = "2025-09-16T09:22:13.21Z" },
    { url = "https://files.pythonhosted.org/packages/63/1c/e310b4d3386356a5d36f297a209f88c6bacd0ecca4e779887cc814fcbb48/grpcio_tools-1.75.0-cp313-cp313-musllinux_1_2_i686.whl", hash = "sha256:91e430e9368afc38e94645f744840ab06995cfb7312233623c5d7370f8c0dd7c", size = 3657019, upload-time = "2025-09-16T09:22:15.977Z" },
    { url = "https://files.pythonhosted.org/packages/c9/38/215dc6a9ba98b7f74e959bb52ecc66949e336267f499b94ce754e18d0737/grpcio_tools-1.75.0-cp313-cp313-musllinux_1_2_x86_64.whl", hash = "sha256:3351acef4b8897e99bdceae5cfcc300e1e5c1d88c0fc2ffc2b5ca1bd5ce4ced8", size = 3324447, upload-time = "2025-09-16T09:22:18.046Z" },
    { url = "https://files.pythonhosted.org/packages/91/75/c7acdef7d023f47ffca893cd3bcf698e71dec9d6946f90efe5575961ec9a/grpcio_tools-1.75.0-cp313-cp313-win32.whl", hash = "sha256:1241f8c65f2429f00d9e15e819aca2138c5aa571f0ac644ab658a0281dc177d9", size = 992434, upload-time = "2025-09-16T09:22:19.92Z" },
    { url = "https://files.pythonhosted.org/packages/a9/9e/221073f576ba94855ceb99949edfe91b22117df898fdb3709cc8f46b7e19/grpcio_tools-1.75.0-cp313-cp313-win_amd64.whl", hash = "sha256:193ce6aef33417849289cbb518402fe60c00d0fa66d68ea9a30c98cb8818280c", size = 1157066, upload-time = "2025-09-16T09:22:21.915Z" },
]

[[package]]
name = "iniconfig"
version = "2.1.0"
source = { registry = "https://pypi.org/simple" }
sdist = { url = "https://files.pythonhosted.org/packages/f2/97/ebf4da567aa6827c909642694d71c9fcf53e5b504f2d96afea02718862f3/iniconfig-2.1.0.tar.gz", hash = "sha256:3abbd2e30b36733fee78f9c7f7308f2d0050e88f0087fd25c2645f63c773e1c7", size = 4793, upload-time = "2025-03-19T20:09:59.721Z" }
wheels = [
    { url = "https://files.pythonhosted.org/packages/2c/e1/e6716421ea10d38022b952c159d5161ca1193197fb744506875fbb87ea7b/iniconfig-2.1.0-py3-none-any.whl", hash = "sha256:9deba5723312380e77435581c6bf4935c94cbfab9b1ed33ef8d238ea168eb760", size = 6050, upload-time = "2025-03-19T20:10:01.071Z" },
]

[[package]]
name = "nodeenv"
version = "1.9.1"
source = { registry = "https://pypi.org/simple" }
sdist = { url = "https://files.pythonhosted.org/packages/43/16/fc88b08840de0e0a72a2f9d8c6bae36be573e475a6326ae854bcc549fc45/nodeenv-1.9.1.tar.gz", hash = "sha256:6ec12890a2dab7946721edbfbcd91f3319c6ccc9aec47be7c7e6b7011ee6645f", size = 47437, upload-time = "2024-06-04T18:44:11.171Z" }
wheels = [
    { url = "https://files.pythonhosted.org/packages/d2/1d/1b658dbd2b9fa9c4c9f32accbfc0205d532c8c6194dc0f2a4c0428e7128a/nodeenv-1.9.1-py2.py3-none-any.whl", hash = "sha256:ba11c9782d29c27c70ffbdda2d7415098754709be8a7056d79a737cd901155c9", size = 22314, upload-time = "2024-06-04T18:44:08.352Z" },
]

[[package]]
name = "packaging"
version = "25.0"
source = { registry = "https://pypi.org/simple" }
sdist = { url = "https://files.pythonhosted.org/packages/a1/d4/1fc4078c65507b51b96ca8f8c3ba19e6a61c8253c72794544580a7b6c24d/packaging-25.0.tar.gz", hash = "sha256:d443872c98d677bf60f6a1f2f8c1cb748e8fe762d2bf9d3148b5599295b0fc4f", size = 165727, upload-time = "2025-04-19T11:48:59.673Z" }
wheels = [
    { url = "https://files.pythonhosted.org/packages/20/12/38679034af332785aac8774540895e234f4d07f7545804097de4b666afd8/packaging-25.0-py3-none-any.whl", hash = "sha256:29572ef2b1f17581046b3a2227d5c611fb25ec70ca1ba8554b24b0e69331a484", size = 66469, upload-time = "2025-04-19T11:48:57.875Z" },
]

[[package]]
name = "pluggy"
version = "1.6.0"
source = { registry = "https://pypi.org/simple" }
sdist = { url = "https://files.pythonhosted.org/packages/f9/e2/3e91f31a7d2b083fe6ef3fa267035b518369d9511ffab804f839851d2779/pluggy-1.6.0.tar.gz", hash = "sha256:7dcc130b76258d33b90f61b658791dede3486c3e6bfb003ee5c9bfb396dd22f3", size = 69412, upload-time = "2025-05-15T12:30:07.975Z" }
wheels = [
    { url = "https://files.pythonhosted.org/packages/54/20/4d324d65cc6d9205fabedc306948156824eb9f0ee1633355a8f7ec5c66bf/pluggy-1.6.0-py3-none-any.whl", hash = "sha256:e920276dd6813095e9377c0bc5566d94c932c33b27a3e3945d8389c374dd4746", size = 20538, upload-time = "2025-05-15T12:30:06.134Z" },
]

[[package]]
name = "protobuf"
version = "6.32.1"
source = { registry = "https://pypi.org/simple" }
sdist = { url = "https://files.pythonhosted.org/packages/fa/a4/cc17347aa2897568beece2e674674359f911d6fe21b0b8d6268cd42727ac/protobuf-6.32.1.tar.gz", hash = "sha256:ee2469e4a021474ab9baafea6cd070e5bf27c7d29433504ddea1a4ee5850f68d", size = 440635, upload-time = "2025-09-11T21:38:42.935Z" }
wheels = [
    { url = "https://files.pythonhosted.org/packages/c0/98/645183ea03ab3995d29086b8bf4f7562ebd3d10c9a4b14ee3f20d47cfe50/protobuf-6.32.1-cp310-abi3-win32.whl", hash = "sha256:a8a32a84bc9f2aad712041b8b366190f71dde248926da517bde9e832e4412085", size = 424411, upload-time = "2025-09-11T21:38:27.427Z" },
    { url = "https://files.pythonhosted.org/packages/8c/f3/6f58f841f6ebafe076cebeae33fc336e900619d34b1c93e4b5c97a81fdfa/protobuf-6.32.1-cp310-abi3-win_amd64.whl", hash = "sha256:b00a7d8c25fa471f16bc8153d0e53d6c9e827f0953f3c09aaa4331c718cae5e1", size = 435738, upload-time = "2025-09-11T21:38:30.959Z" },
    { url = "https://files.pythonhosted.org/packages/10/56/a8a3f4e7190837139e68c7002ec749190a163af3e330f65d90309145a210/protobuf-6.32.1-cp39-abi3-macosx_10_9_universal2.whl", hash = "sha256:d8c7e6eb619ffdf105ee4ab76af5a68b60a9d0f66da3ea12d1640e6d8dab7281", size = 426454, upload-time = "2025-09-11T21:38:34.076Z" },
    { url = "https://files.pythonhosted.org/packages/3f/be/8dd0a927c559b37d7a6c8ab79034fd167dcc1f851595f2e641ad62be8643/protobuf-6.32.1-cp39-abi3-manylinux2014_aarch64.whl", hash = "sha256:2f5b80a49e1eb7b86d85fcd23fe92df154b9730a725c3b38c4e43b9d77018bf4", size = 322874, upload-time = "2025-09-11T21:38:35.509Z" },
    { url = "https://files.pythonhosted.org/packages/5c/f6/88d77011b605ef979aace37b7703e4eefad066f7e84d935e5a696515c2dd/protobuf-6.32.1-cp39-abi3-manylinux2014_x86_64.whl", hash = "sha256:b1864818300c297265c83a4982fd3169f97122c299f56a56e2445c3698d34710", size = 322013, upload-time = "2025-09-11T21:38:37.017Z" },
    { url = "https://files.pythonhosted.org/packages/97/b7/15cc7d93443d6c6a84626ae3258a91f4c6ac8c0edd5df35ea7658f71b79c/protobuf-6.32.1-py3-none-any.whl", hash = "sha256:2601b779fc7d32a866c6b4404f9d42a3f67c5b9f3f15b4db3cccabe06b95c346", size = 169289, upload-time = "2025-09-11T21:38:41.234Z" },
]

[[package]]
name = "py-protos"
version = "0.1.0"
source = { editable = "../py-protos" }
dependencies = [
    { name = "grpcio-tools" },
]

[package.metadata]
requires-dist = [{ name = "grpcio-tools", specifier = ">=1.75.0" }]

[[package]]
name = "pygments"
version = "2.19.2"
source = { registry = "https://pypi.org/simple" }
sdist = { url = "https://files.pythonhosted.org/packages/b0/77/a5b8c569bf593b0140bde72ea885a803b82086995367bf2037de0159d924/pygments-2.19.2.tar.gz", hash = "sha256:636cb2477cec7f8952536970bc533bc43743542f70392ae026374600add5b887", size = 4968631, upload-time = "2025-06-21T13:39:12.283Z" }
wheels = [
    { url = "https://files.pythonhosted.org/packages/c7/21/705964c7812476f378728bdf590ca4b771ec72385c533964653c68e86bdc/pygments-2.19.2-py3-none-any.whl", hash = "sha256:86540386c03d588bb81d44bc3928634ff26449851e99741617ecb9037ee5ec0b", size = 1225217, upload-time = "2025-06-21T13:39:07.939Z" },
]

[[package]]
name = "pyright"
version = "1.1.405"
source = { registry = "https://pypi.org/simple" }
dependencies = [
    { name = "nodeenv" },
    { name = "typing-extensions" },
]
sdist = { url = "https://files.pythonhosted.org/packages/fb/6c/ba4bbee22e76af700ea593a1d8701e3225080956753bee9750dcc25e2649/pyright-1.1.405.tar.gz", hash = "sha256:5c2a30e1037af27eb463a1cc0b9f6d65fec48478ccf092c1ac28385a15c55763", size = 4068319, upload-time = "2025-09-04T03:37:06.776Z" }
wheels = [
    { url = "https://files.pythonhosted.org/packages/d5/1a/524f832e1ff1962a22a1accc775ca7b143ba2e9f5924bb6749dce566784a/pyright-1.1.405-py3-none-any.whl", hash = "sha256:a2cb13700b5508ce8e5d4546034cb7ea4aedb60215c6c33f56cec7f53996035a", size = 5905038, upload-time = "2025-09-04T03:37:04.913Z" },
]

[[package]]
name = "pytest"
version = "8.4.2"
source = { registry = "https://pypi.org/simple" }
dependencies = [
    { name = "colorama", marker = "sys_platform == 'win32'" },
    { name = "iniconfig" },
    { name = "packaging" },
    { name = "pluggy" },
    { name = "pygments" },
]
sdist = { url = "https://files.pythonhosted.org/packages/a3/5c/00a0e072241553e1a7496d638deababa67c5058571567b92a7eaa258397c/pytest-8.4.2.tar.gz", hash = "sha256:86c0d0b93306b961d58d62a4db4879f27fe25513d4b969df351abdddb3c30e01", size = 1519618, upload-time = "2025-09-04T14:34:22.711Z" }
wheels = [
    { url = "https://files.pythonhosted.org/packages/a8/a4/20da314d277121d6534b3a980b29035dcd51e6744bd79075a6ce8fa4eb8d/pytest-8.4.2-py3-none-any.whl", hash = "sha256:872f880de3fc3a5bdc88a11b39c9710c3497a547cfa9320bc3c5e62fbf272e79", size = 365750, upload-time = "2025-09-04T14:34:20.226Z" },
]

[[package]]
name = "pytest-asyncio"
version = "1.2.0"
source = { registry = "https://pypi.org/simple" }
dependencies = [
    { name = "pytest" },
    { name = "typing-extensions", marker = "python_full_version < '3.13'" },
]
sdist = { url = "https://files.pythonhosted.org/packages/42/86/9e3c5f48f7b7b638b216e4b9e645f54d199d7abbbab7a64a13b4e12ba10f/pytest_asyncio-1.2.0.tar.gz", hash = "sha256:c609a64a2a8768462d0c99811ddb8bd2583c33fd33cf7f21af1c142e824ffb57", size = 50119, upload-time = "2025-09-12T07:33:53.816Z" }
wheels = [
    { url = "https://files.pythonhosted.org/packages/04/93/2fa34714b7a4ae72f2f8dad66ba17dd9a2c793220719e736dda28b7aec27/pytest_asyncio-1.2.0-py3-none-any.whl", hash = "sha256:8e17ae5e46d8e7efe51ab6494dd2010f4ca8dae51652aa3c8d55acf50bfb2e99", size = 15095, upload-time = "2025-09-12T07:33:52.639Z" },
]

[[package]]
name = "ruff"
version = "0.13.1"
source = { registry = "https://pypi.org/simple" }
sdist = { url = "https://files.pythonhosted.org/packages/ab/33/c8e89216845615d14d2d42ba2bee404e7206a8db782f33400754f3799f05/ruff-0.13.1.tar.gz", hash = "sha256:88074c3849087f153d4bb22e92243ad4c1b366d7055f98726bc19aa08dc12d51", size = 5397987, upload-time = "2025-09-18T19:52:44.33Z" }
wheels = [
    { url = "https://files.pythonhosted.org/packages/f3/41/ca37e340938f45cfb8557a97a5c347e718ef34702546b174e5300dbb1f28/ruff-0.13.1-py3-none-linux_armv6l.whl", hash = "sha256:b2abff595cc3cbfa55e509d89439b5a09a6ee3c252d92020bd2de240836cf45b", size = 12304308, upload-time = "2025-09-18T19:51:56.253Z" },
    { url = "https://files.pythonhosted.org/packages/ff/84/ba378ef4129415066c3e1c80d84e539a0d52feb250685091f874804f28af/ruff-0.13.1-py3-none-macosx_10_12_x86_64.whl", hash = "sha256:4ee9f4249bf7f8bb3984c41bfaf6a658162cdb1b22e3103eabc7dd1dc5579334", size = 12937258, upload-time = "2025-09-18T19:52:00.184Z" },
    { url = "https://files.pythonhosted.org/packages/8d/b6/ec5e4559ae0ad955515c176910d6d7c93edcbc0ed1a3195a41179c58431d/ruff-0.13.1-py3-none-macosx_11_0_arm64.whl", hash = "sha256:5c5da4af5f6418c07d75e6f3224e08147441f5d1eac2e6ce10dcce5e616a3bae", size = 12214554, upload-time = "2025-09-18T19:52:02.753Z" },
    { url = "https://files.pythonhosted.org/packages/70/d6/cb3e3b4f03b9b0c4d4d8f06126d34b3394f6b4d764912fe80a1300696ef6/ruff-0.13.1-py3-none-manylinux_2_17_aarch64.manylinux2014_aarch64.whl", hash = "sha256:80524f84a01355a59a93cef98d804e2137639823bcee2931f5028e71134a954e", size = 12448181, upload-time = "2025-09-18T19:52:05.279Z" },
    { url = "https://files.pythonhosted.org/packages/d2/ea/bf60cb46d7ade706a246cd3fb99e4cfe854efa3dfbe530d049c684da24ff/ruff-0.13.1-py3-none-manylinux_2_17_armv7l.manylinux2014_armv7l.whl", hash = "sha256:ff7f5ce8d7988767dd46a148192a14d0f48d1baea733f055d9064875c7d50389", size = 12104599, upload-time = "2025-09-18T19:52:07.497Z" },
    { url = "https://files.pythonhosted.org/packages/2d/3e/05f72f4c3d3a69e65d55a13e1dd1ade76c106d8546e7e54501d31f1dc54a/ruff-0.13.1-py3-none-manylinux_2_17_i686.manylinux2014_i686.whl", hash = "sha256:c55d84715061f8b05469cdc9a446aa6c7294cd4bd55e86a89e572dba14374f8c", size = 13791178, upload-time = "2025-09-18T19:52:10.189Z" },
    { url = "https://files.pythonhosted.org/packages/81/e7/01b1fc403dd45d6cfe600725270ecc6a8f8a48a55bc6521ad820ed3ceaf8/ruff-0.13.1-py3-none-manylinux_2_17_ppc64.manylinux2014_ppc64.whl", hash = "sha256:ac57fed932d90fa1624c946dc67a0a3388d65a7edc7d2d8e4ca7bddaa789b3b0", size = 14814474, upload-time = "2025-09-18T19:52:12.866Z" },
    { url = "https://files.pythonhosted.org/packages/fa/92/d9e183d4ed6185a8df2ce9faa3f22e80e95b5f88d9cc3d86a6d94331da3f/ruff-0.13.1-py3-none-manylinux_2_17_ppc64le.manylinux2014_ppc64le.whl", hash = "sha256:c366a71d5b4f41f86a008694f7a0d75fe409ec298685ff72dc882f882d532e36", size = 14217531, upload-time = "2025-09-18T19:52:15.245Z" },
    { url = "https://files.pythonhosted.org/packages/3b/4a/6ddb1b11d60888be224d721e01bdd2d81faaf1720592858ab8bac3600466/ruff-0.13.1-py3-none-manylinux_2_17_s390x.manylinux2014_s390x.whl", hash = "sha256:f4ea9d1b5ad3e7a83ee8ebb1229c33e5fe771e833d6d3dcfca7b77d95b060d38", size = 13265267, upload-time = "2025-09-18T19:52:17.649Z" },
    { url = "https://files.pythonhosted.org/packages/81/98/3f1d18a8d9ea33ef2ad508f0417fcb182c99b23258ec5e53d15db8289809/ruff-0.13.1-py3-none-manylinux_2_17_x86_64.manylinux2014_x86_64.whl", hash = "sha256:b0f70202996055b555d3d74b626406476cc692f37b13bac8828acff058c9966a", size = 13243120, upload-time = "2025-09-18T19:52:20.332Z" },
    { url = "https://files.pythonhosted.org/packages/8d/86/b6ce62ce9c12765fa6c65078d1938d2490b2b1d9273d0de384952b43c490/ruff-0.13.1-py3-none-manylinux_2_31_riscv64.whl", hash = "sha256:f8cff7a105dad631085d9505b491db33848007d6b487c3c1979dd8d9b2963783", size = 13443084, upload-time = "2025-09-18T19:52:23.032Z" },
    { url = "https://files.pythonhosted.org/packages/a1/6e/af7943466a41338d04503fb5a81b2fd07251bd272f546622e5b1599a7976/ruff-0.13.1-py3-none-musllinux_1_2_aarch64.whl", hash = "sha256:9761e84255443316a258dd7dfbd9bfb59c756e52237ed42494917b2577697c6a", size = 12295105, upload-time = "2025-09-18T19:52:25.263Z" },
    { url = "https://files.pythonhosted.org/packages/3f/97/0249b9a24f0f3ebd12f007e81c87cec6d311de566885e9309fcbac5b24cc/ruff-0.13.1-py3-none-musllinux_1_2_armv7l.whl", hash = "sha256:3d376a88c3102ef228b102211ef4a6d13df330cb0f5ca56fdac04ccec2a99700", size = 12072284, upload-time = "2025-09-18T19:52:27.478Z" },
    { url = "https://files.pythonhosted.org/packages/f6/85/0b64693b2c99d62ae65236ef74508ba39c3febd01466ef7f354885e5050c/ruff-0.13.1-py3-none-musllinux_1_2_i686.whl", hash = "sha256:cbefd60082b517a82c6ec8836989775ac05f8991715d228b3c1d86ccc7df7dae", size = 12970314, upload-time = "2025-09-18T19:52:30.212Z" },
    { url = "https://files.pythonhosted.org/packages/96/fc/342e9f28179915d28b3747b7654f932ca472afbf7090fc0c4011e802f494/ruff-0.13.1-py3-none-musllinux_1_2_x86_64.whl", hash = "sha256:dd16b9a5a499fe73f3c2ef09a7885cb1d97058614d601809d37c422ed1525317", size = 13422360, upload-time = "2025-09-18T19:52:32.676Z" },
    { url = "https://files.pythonhosted.org/packages/37/54/6177a0dc10bce6f43e392a2192e6018755473283d0cf43cc7e6afc182aea/ruff-0.13.1-py3-none-win32.whl", hash = "sha256:55e9efa692d7cb18580279f1fbb525146adc401f40735edf0aaeabd93099f9a0", size = 12178448, upload-time = "2025-09-18T19:52:35.545Z" },
    { url = "https://files.pythonhosted.org/packages/64/51/c6a3a33d9938007b8bdc8ca852ecc8d810a407fb513ab08e34af12dc7c24/ruff-0.13.1-py3-none-win_amd64.whl", hash = "sha256:3a3fb595287ee556de947183489f636b9f76a72f0fa9c028bdcabf5bab2cc5e5", size = 13286458, upload-time = "2025-09-18T19:52:38.198Z" },
    { url = "https://files.pythonhosted.org/packages/fd/04/afc078a12cf68592345b1e2d6ecdff837d286bac023d7a22c54c7a698c5b/ruff-0.13.1-py3-none-win_arm64.whl", hash = "sha256:c0bae9ffd92d54e03c2bf266f466da0a65e145f298ee5b5846ed435f6a00518a", size = 12437893, upload-time = "2025-09-18T19:52:41.283Z" },
]

[[package]]
name = "setuptools"
version = "80.9.0"
source = { registry = "https://pypi.org/simple" }
sdist = { url = "https://files.pythonhosted.org/packages/18/5d/3bf57dcd21979b887f014ea83c24ae194cfcd12b9e0fda66b957c69d1fca/setuptools-80.9.0.tar.gz", hash = "sha256:f36b47402ecde768dbfafc46e8e4207b4360c654f1f3bb84475f0a28628fb19c", size = 1319958, upload-time = "2025-05-27T00:56:51.443Z" }
wheels = [
    { url = "https://files.pythonhosted.org/packages/a3/dc/17031897dae0efacfea57dfd3a82fdd2a2aeb58e0ff71b77b87e44edc772/setuptools-80.9.0-py3-none-any.whl", hash = "sha256:062d34222ad13e0cc312a4c02d73f059e86a4acbfbdea8f8f76b28c99f306922", size = 1201486, upload-time = "2025-05-27T00:56:49.664Z" },
]

[[package]]
name = "typing-extensions"
version = "4.15.0"
source = { registry = "https://pypi.org/simple" }
sdist = { url = "https://files.pythonhosted.org/packages/72/94/1a15dd82efb362ac84269196e94cf00f187f7ed21c242792a923cdb1c61f/typing_extensions-4.15.0.tar.gz", hash = "sha256:0cea48d173cc12fa28ecabc3b837ea3cf6f38c6d1136f85cbaaf598984861466", size = 109391, upload-time = "2025-08-25T13:49:26.313Z" }
wheels = [
    { url = "https://files.pythonhosted.org/packages/18/67/36e9267722cc04a6b9f15c7f3441c2363321a3ea07da7ae0c0707beb2a9c/typing_extensions-4.15.0-py3-none-any.whl", hash = "sha256:f0fa19c6845758ab08074a0cfa8b7aecb71c999ca73d62883bc25cc018c4e548", size = 44614, upload-time = "2025-08-25T13:49:24.86Z" },
]
